
Microsoft Visual Studio Solution File, Format Version 12.00
# Visual Studio Version 17
VisualStudioVersion = 17.1.32210.238
MinimumVisualStudioVersion = 10.0.40219.1
Project("{FAE04EC0-301F-11D3-BF4B-00C04F79EFBC}") = "MetadataUpdateHandlersDemo.WinUI", "MetadataUpdateHandlersDemo.WinUI\MetadataUpdateHandlersDemo.WinUI.csproj", "{FFB15257-A1A6-49F8-ADF1-172AB534D7BB}"
EndProject
Project("{FAE04EC0-301F-11D3-BF4B-00C04F79EFBC}") = "MetadataUpdateHandlersDemo.Shared", "MetadataUpdateHandlersDemo.Shared\MetadataUpdateHandlersDemo.Shared.csproj", "{941298EE-AE11-452A-ADBE-CEF52C1EBFFD}"
EndProject
Project("{FAE04EC0-301F-11D3-BF4B-00C04F79EFBC}") = "MetadataUpdateHandlersDemo.WPF", "MetadataUpdateHandlersDemo.WPF\MetadataUpdateHandlersDemo.WPF.csproj", "{FF533AD0-932B-4BC8-8367-CCD09416D107}"
EndProject
Project("{FAE04EC0-301F-11D3-BF4B-00C04F79EFBC}") = "MetadataUpdateHandlersDemo.WinForms", "MetadataUpdateHandlersDemo.WinForms\MetadataUpdateHandlersDemo.WinForms.csproj", "{D5BA09E3-BAD0-4D18-9BAC-AD8BB178F520}"
EndProject
Global
	GlobalSection(SolutionConfigurationPlatforms) = preSolution
		Debug|Any CPU = Debug|Any CPU
		Debug|arm64 = Debug|arm64
		Debug|x64 = Debug|x64
		Debug|x86 = Debug|x86
		Release|Any CPU = Release|Any CPU
		Release|arm64 = Release|arm64
		Release|x64 = Release|x64
		Release|x86 = Release|x86
	EndGlobalSection
	GlobalSection(ProjectConfigurationPlatforms) = postSolution
		{FFB15257-A1A6-49F8-ADF1-172AB534D7BB}.Debug|Any CPU.ActiveCfg = Debug|x64
		{FFB15257-A1A6-49F8-ADF1-172AB534D7BB}.Debug|Any CPU.Build.0 = Debug|x64
		{FFB15257-A1A6-49F8-ADF1-172AB534D7BB}.Debug|Any CPU.Deploy.0 = Debug|x64
		{FFB15257-A1A6-49F8-ADF1-172AB534D7BB}.Debug|arm64.ActiveCfg = Debug|arm64
		{FFB15257-A1A6-49F8-ADF1-172AB534D7BB}.Debug|arm64.Build.0 = Debug|arm64
		{FFB15257-A1A6-49F8-ADF1-172AB534D7BB}.Debug|arm64.Deploy.0 = Debug|arm64
		{FFB15257-A1A6-49F8-ADF1-172AB534D7BB}.Debug|x64.ActiveCfg = Debug|x64
		{FFB15257-A1A6-49F8-ADF1-172AB534D7BB}.Debug|x64.Build.0 = Debug|x64
		{FFB15257-A1A6-49F8-ADF1-172AB534D7BB}.Debug|x64.Deploy.0 = Debug|x64
		{FFB15257-A1A6-49F8-ADF1-172AB534D7BB}.Debug|x86.ActiveCfg = Debug|x86
		{FFB15257-A1A6-49F8-ADF1-172AB534D7BB}.Debug|x86.Build.0 = Debug|x86
		{FFB15257-A1A6-49F8-ADF1-172AB534D7BB}.Debug|x86.Deploy.0 = Debug|x86
		{FFB15257-A1A6-49F8-ADF1-172AB534D7BB}.Release|Any CPU.ActiveCfg = Release|x64
		{FFB15257-A1A6-49F8-ADF1-172AB534D7BB}.Release|Any CPU.Build.0 = Release|x64
		{FFB15257-A1A6-49F8-ADF1-172AB534D7BB}.Release|Any CPU.Deploy.0 = Release|x64
		{FFB15257-A1A6-49F8-ADF1-172AB534D7BB}.Release|arm64.ActiveCfg = Release|arm64
		{FFB15257-A1A6-49F8-ADF1-172AB534D7BB}.Release|arm64.Build.0 = Release|arm64
		{FFB15257-A1A6-49F8-ADF1-172AB534D7BB}.Release|arm64.Deploy.0 = Release|arm64
		{FFB15257-A1A6-49F8-ADF1-172AB534D7BB}.Release|x64.ActiveCfg = Release|x64
		{FFB15257-A1A6-49F8-ADF1-172AB534D7BB}.Release|x64.Build.0 = Release|x64
		{FFB15257-A1A6-49F8-ADF1-172AB534D7BB}.Release|x64.Deploy.0 = Release|x64
		{FFB15257-A1A6-49F8-ADF1-172AB534D7BB}.Release|x86.ActiveCfg = Release|x86
		{FFB15257-A1A6-49F8-ADF1-172AB534D7BB}.Release|x86.Build.0 = Release|x86
		{FFB15257-A1A6-49F8-ADF1-172AB534D7BB}.Release|x86.Deploy.0 = Release|x86
		{941298EE-AE11-452A-ADBE-CEF52C1EBFFD}.Debug|Any CPU.ActiveCfg = Debug|Any CPU
		{941298EE-AE11-452A-ADBE-CEF52C1EBFFD}.Debug|Any CPU.Build.0 = Debug|Any CPU
		{941298EE-AE11-452A-ADBE-CEF52C1EBFFD}.Debug|arm64.ActiveCfg = Debug|Any CPU
		{941298EE-AE11-452A-ADBE-CEF52C1EBFFD}.Debug|arm64.Build.0 = Debug|Any CPU
		{941298EE-AE11-452A-ADBE-CEF52C1EBFFD}.Debug|x64.ActiveCfg = Debug|Any CPU
		{941298EE-AE11-452A-ADBE-CEF52C1EBFFD}.Debug|x64.Build.0 = Debug|Any CPU
		{941298EE-AE11-452A-ADBE-CEF52C1EBFFD}.Debug|x86.ActiveCfg = Debug|Any CPU
		{941298EE-AE11-452A-ADBE-CEF52C1EBFFD}.Debug|x86.Build.0 = Debug|Any CPU
		{941298EE-AE11-452A-ADBE-CEF52C1EBFFD}.Release|Any CPU.ActiveCfg = Release|Any CPU
		{941298EE-AE11-452A-ADBE-CEF52C1EBFFD}.Release|Any CPU.Build.0 = Release|Any CPU
		{941298EE-AE11-452A-ADBE-CEF52C1EBFFD}.Release|arm64.ActiveCfg = Release|Any CPU
		{941298EE-AE11-452A-ADBE-CEF52C1EBFFD}.Release|arm64.Build.0 = Release|Any CPU
		{941298EE-AE11-452A-ADBE-CEF52C1EBFFD}.Release|x64.ActiveCfg = Release|Any CPU
		{941298EE-AE11-452A-ADBE-CEF52C1EBFFD}.Release|x64.Build.0 = Release|Any CPU
		{941298EE-AE11-452A-ADBE-CEF52C1EBFFD}.Release|x86.ActiveCfg = Release|Any CPU
		{941298EE-AE11-452A-ADBE-CEF52C1EBFFD}.Release|x86.Build.0 = Release|Any CPU
		{FF533AD0-932B-4BC8-8367-CCD09416D107}.Debug|Any CPU.ActiveCfg = Debug|Any CPU
		{FF533AD0-932B-4BC8-8367-CCD09416D107}.Debug|Any CPU.Build.0 = Debug|Any CPU
		{FF533AD0-932B-4BC8-8367-CCD09416D107}.Debug|arm64.ActiveCfg = Debug|Any CPU
		{FF533AD0-932B-4BC8-8367-CCD09416D107}.Debug|arm64.Build.0 = Debug|Any CPU
		{FF533AD0-932B-4BC8-8367-CCD09416D107}.Debug|x64.ActiveCfg = Debug|Any CPU
		{FF533AD0-932B-4BC8-8367-CCD09416D107}.Debug|x64.Build.0 = Debug|Any CPU
		{FF533AD0-932B-4BC8-8367-CCD09416D107}.Debug|x86.ActiveCfg = Debug|Any CPU
		{FF533AD0-932B-4BC8-8367-CCD09416D107}.Debug|x86.Build.0 = Debug|Any CPU
		{FF533AD0-932B-4BC8-8367-CCD09416D107}.Release|Any CPU.ActiveCfg = Release|Any CPU
		{FF533AD0-932B-4BC8-8367-CCD09416D107}.Release|Any CPU.Build.0 = Release|Any CPU
		{FF533AD0-932B-4BC8-8367-CCD09416D107}.Release|arm64.ActiveCfg = Release|Any CPU
		{FF533AD0-932B-4BC8-8367-CCD09416D107}.Release|arm64.Build.0 = Release|Any CPU
		{FF533AD0-932B-4BC8-8367-CCD09416D107}.Release|x64.ActiveCfg = Release|Any CPU
		{FF533AD0-932B-4BC8-8367-CCD09416D107}.Release|x64.Build.0 = Release|Any CPU
		{FF533AD0-932B-4BC8-8367-CCD09416D107}.Release|x86.ActiveCfg = Release|Any CPU
		{FF533AD0-932B-4BC8-8367-CCD09416D107}.Release|x86.Build.0 = Release|Any CPU
		{D5BA09E3-BAD0-4D18-9BAC-AD8BB178F520}.Debug|Any CPU.ActiveCfg = Debug|Any CPU
		{D5BA09E3-BAD0-4D18-9BAC-AD8BB178F520}.Debug|Any CPU.Build.0 = Debug|Any CPU
		{D5BA09E3-BAD0-4D18-9BAC-AD8BB178F520}.Debug|arm64.ActiveCfg = Debug|Any CPU
		{D5BA09E3-BAD0-4D18-9BAC-AD8BB178F520}.Debug|arm64.Build.0 = Debug|Any CPU
		{D5BA09E3-BAD0-4D18-9BAC-AD8BB178F520}.Debug|x64.ActiveCfg = Debug|Any CPU
		{D5BA09E3-BAD0-4D18-9BAC-AD8BB178F520}.Debug|x64.Build.0 = Debug|Any CPU
		{D5BA09E3-BAD0-4D18-9BAC-AD8BB178F520}.Debug|x86.ActiveCfg = Debug|Any CPU
		{D5BA09E3-BAD0-4D18-9BAC-AD8BB178F520}.Debug|x86.Build.0 = Debug|Any CPU
		{D5BA09E3-BAD0-4D18-9BAC-AD8BB178F520}.Release|Any CPU.ActiveCfg = Release|Any CPU
		{D5BA09E3-BAD0-4D18-9BAC-AD8BB178F520}.Release|Any CPU.Build.0 = Release|Any CPU
		{D5BA09E3-BAD0-4D18-9BAC-AD8BB178F520}.Release|arm64.ActiveCfg = Release|Any CPU
		{D5BA09E3-BAD0-4D18-9BAC-AD8BB178F520}.Release|arm64.Build.0 = Release|Any CPU
		{D5BA09E3-BAD0-4D18-9BAC-AD8BB178F520}.Release|x64.ActiveCfg = Release|Any CPU
		{D5BA09E3-BAD0-4D18-9BAC-AD8BB178F520}.Release|x64.Build.0 = Release|Any CPU
		{D5BA09E3-BAD0-4D18-9BAC-AD8BB178F520}.Release|x86.ActiveCfg = Release|Any CPU
		{D5BA09E3-BAD0-4D18-9BAC-AD8BB178F520}.Release|x86.Build.0 = Release|Any CPU
	EndGlobalSection
	GlobalSection(SolutionProperties) = preSolution
		HideSolutionNode = FALSE
	EndGlobalSection
	GlobalSection(ExtensibilityGlobals) = postSolution
		SolutionGuid = {FC701C46-96E0-48F5-837E-37C2989E63DD}
	EndGlobalSection
EndGlobal
